
Microsoft Visual Studio Solution File, Format Version 12.00
# Visual Studio Version 17
VisualStudioVersion = 17.14.37328.6
MinimumVisualStudioVersion = 10.0.40219.1
Project("{2150E333-8FDC-42A3-9474-1A3956D46DE8}") = "src", "src", "{02EA681E-C7D8-13C7-8484-4AC65E1B71E8}"
EndProject
Project("{FAE04EC0-301F-11D3-BF4B-00C04F79EFBC}") = "LogoBI.Server", "src\LogoBI.Server\LogoBI.Server.csproj", "{DA028436-6A84-4A7B-9DF2-604134A5161F}"
EndProject
Project("{FAE04EC0-301F-11D3-BF4B-00C04F79EFBC}") = "LogoBI.Client", "src\LogoBI.Client\LogoBI.Client.csproj", "{58D605FA-8E6E-448A-9A37-A07783DA7BBE}"
EndProject
Project("{FAE04EC0-301F-11D3-BF4B-00C04F79EFBC}") = "LogoBI.Shared", "src\LogoBI.Shared\LogoBI.Shared.csproj", "{693999A5-997F-4CAA-97A1-AC2E1E6A80C3}"
EndProject
Project("{FAE04EC0-301F-11D3-BF4B-00C04F79EFBC}") = "LogoBI.Engine", "src\LogoBI.Engine\LogoBI.Engine.csproj", "{68BABFF4-C54B-48A4-935C-A04A165A15B7}"
EndProject
Project("{2150E333-8FDC-42A3-9474-1A3956D46DE8}") = "tests", "tests", "{0AB3BF05-4346-4AA6-1389-037BE0695223}"
EndProject
Project("{FAE04EC0-301F-11D3-BF4B-00C04F79EFBC}") = "LogoBI.Engine.Tests", "tests\LogoBI.Engine.Tests\LogoBI.Engine.Tests.csproj", "{9AF1B491-EDCB-4DAD-8DC1-3FA0460E037C}"
EndProject
Global
	GlobalSection(SolutionConfigurationPlatforms) = preSolution
		Debug|Any CPU = Debug|Any CPU
		Debug|x64 = Debug|x64
		Debug|x86 = Debug|x86
		Release|Any CPU = Release|Any CPU
		Release|x64 = Release|x64
		Release|x86 = Release|x86
	EndGlobalSection
	GlobalSection(ProjectConfigurationPlatforms) = postSolution
		{DA028436-6A84-4A7B-9DF2-604134A5161F}.Debug|Any CPU.ActiveCfg = Debug|Any CPU
		{DA028436-6A84-4A7B-9DF2-604134A5161F}.Debug|Any CPU.Build.0 = Debug|Any CPU
		{DA028436-6A84-4A7B-9DF2-604134A5161F}.Debug|x64.ActiveCfg = Debug|Any CPU
		{DA028436-6A84-4A7B-9DF2-604134A5161F}.Debug|x64.Build.0 = Debug|Any CPU
		{DA028436-6A84-4A7B-9DF2-604134A5161F}.Debug|x86.ActiveCfg = Debug|Any CPU
		{DA028436-6A84-4A7B-9DF2-604134A5161F}.Debug|x86.Build.0 = Debug|Any CPU
		{DA028436-6A84-4A7B-9DF2-604134A5161F}.Release|Any CPU.ActiveCfg = Release|Any CPU
		{DA028436-6A84-4A7B-9DF2-604134A5161F}.Release|Any CPU.Build.0 = Release|Any CPU
		{DA028436-6A84-4A7B-9DF2-604134A5161F}.Release|x64.ActiveCfg = Release|Any CPU
		{DA028436-6A84-4A7B-9DF2-604134A5161F}.Release|x64.Build.0 = Release|Any CPU
		{DA028436-6A84-4A7B-9DF2-604134A5161F}.Release|x86.ActiveCfg = Release|Any CPU
		{DA028436-6A84-4A7B-9DF2-604134A5161F}.Release|x86.Build.0 = Release|Any CPU
		{58D605FA-8E6E-448A-9A37-A07783DA7BBE}.Debug|Any CPU.ActiveCfg = Debug|Any CPU
		{58D605FA-8E6E-448A-9A37-A07783DA7BBE}.Debug|Any CPU.Build.0 = Debug|Any CPU
		{58D605FA-8E6E-448A-9A37-A07783DA7BBE}.Debug|x64.ActiveCfg = Debug|Any CPU
		{58D605FA-8E6E-448A-9A37-A07783DA7BBE}.Debug|x64.Build.0 = Debug|Any CPU
		{58D605FA-8E6E-448A-9A37-A07783DA7BBE}.Debug|x86.ActiveCfg = Debug|Any CPU
		{58D605FA-8E6E-448A-9A37-A07783DA7BBE}.Debug|x86.Build.0 = Debug|Any CPU
		{58D605FA-8E6E-448A-9A37-A07783DA7BBE}.Release|Any CPU.ActiveCfg = Release|Any CPU
		{58D605FA-8E6E-448A-9A37-A07783DA7BBE}.Release|Any CPU.Build.0 = Release|Any CPU
		{58D605FA-8E6E-448A-9A37-A07783DA7BBE}.Release|x64.ActiveCfg = Release|Any CPU
		{58D605FA-8E6E-448A-9A37-A07783DA7BBE}.Release|x64.Build.0 = Release|Any CPU
		{58D605FA-8E6E-448A-9A37-A07783DA7BBE}.Release|x86.ActiveCfg = Release|Any CPU
		{58D605FA-8E6E-448A-9A37-A07783DA7BBE}.Release|x86.Build.0 = Release|Any CPU
		{693999A5-997F-4CAA-97A1-AC2E1E6A80C3}.Debug|Any CPU.ActiveCfg = Debug|Any CPU
		{693999A5-997F-4CAA-97A1-AC2E1E6A80C3}.Debug|Any CPU.Build.0 = Debug|Any CPU
		{693999A5-997F-4CAA-97A1-AC2E1E6A80C3}.Debug|x64.ActiveCfg = Debug|Any CPU
		{693999A5-997F-4CAA-97A1-AC2E1E6A80C3}.Debug|x64.Build.0 = Debug|Any CPU
		{693999A5-997F-4CAA-97A1-AC2E1E6A80C3}.Debug|x86.ActiveCfg = Debug|Any CPU
		{693999A5-997F-4CAA-97A1-AC2E1E6A80C3}.Debug|x86.Build.0 = Debug|Any CPU
		{693999A5-997F-4CAA-97A1-AC2E1E6A80C3}.Release|Any CPU.ActiveCfg = Release|Any CPU
		{693999A5-997F-4CAA-97A1-AC2E1E6A80C3}.Release|Any CPU.Build.0 = Release|Any CPU
		{693999A5-997F-4CAA-97A1-AC2E1E6A80C3}.Release|x64.ActiveCfg = Release|Any CPU
		{693999A5-997F-4CAA-97A1-AC2E1E6A80C3}.Release|x64.Build.0 = Release|Any CPU
		{693999A5-997F-4CAA-97A1-AC2E1E6A80C3}.Release|x86.ActiveCfg = Release|Any CPU
		{693999A5-997F-4CAA-97A1-AC2E1E6A80C3}.Release|x86.Build.0 = Release|Any CPU
		{68BABFF4-C54B-48A4-935C-A04A165A15B7}.Debug|Any CPU.ActiveCfg = Debug|Any CPU
		{68BABFF4-C54B-48A4-935C-A04A165A15B7}.Debug|Any CPU.Build.0 = Debug|Any CPU
		{68BABFF4-C54B-48A4-935C-A04A165A15B7}.Debug|x64.ActiveCfg = Debug|Any CPU
		{68BABFF4-C54B-48A4-935C-A04A165A15B7}.Debug|x64.Build.0 = Debug|Any CPU
		{68BABFF4-C54B-48A4-935C-A04A165A15B7}.Debug|x86.ActiveCfg = Debug|Any CPU
		{68BABFF4-C54B-48A4-935C-A04A165A15B7}.Debug|x86.Build.0 = Debug|Any CPU
		{68BABFF4-C54B-48A4-935C-A04A165A15B7}.Release|Any CPU.ActiveCfg = Release|Any CPU
		{68BABFF4-C54B-48A4-935C-A04A165A15B7}.Release|Any CPU.Build.0 = Release|Any CPU
		{68BABFF4-C54B-48A4-935C-A04A165A15B7}.Release|x64.ActiveCfg = Release|Any CPU
		{68BABFF4-C54B-48A4-935C-A04A165A15B7}.Release|x64.Build.0 = Release|Any CPU
		{68BABFF4-C54B-48A4-935C-A04A165A15B7}.Release|x86.ActiveCfg = Release|Any CPU
		{68BABFF4-C54B-48A4-935C-A04A165A15B7}.Release|x86.Build.0 = Release|Any CPU
		{9AF1B491-EDCB-4DAD-8DC1-3FA0460E037C}.Debug|Any CPU.ActiveCfg = Debug|Any CPU
		{9AF1B491-EDCB-4DAD-8DC1-3FA0460E037C}.Debug|Any CPU.Build.0 = Debug|Any CPU
		{9AF1B491-EDCB-4DAD-8DC1-3FA0460E037C}.Debug|x64.ActiveCfg = Debug|Any CPU
		{9AF1B491-EDCB-4DAD-8DC1-3FA0460E037C}.Debug|x64.Build.0 = Debug|Any CPU
		{9AF1B491-EDCB-4DAD-8DC1-3FA0460E037C}.Debug|x86.ActiveCfg = Debug|Any CPU
		{9AF1B491-EDCB-4DAD-8DC1-3FA0460E037C}.Debug|x86.Build.0 = Debug|Any CPU
		{9AF1B491-EDCB-4DAD-8DC1-3FA0460E037C}.Release|Any CPU.ActiveCfg = Release|Any CPU
		{9AF1B491-EDCB-4DAD-8DC1-3FA0460E037C}.Release|Any CPU.Build.0 = Release|Any CPU
		{9AF1B491-EDCB-4DAD-8DC1-3FA0460E037C}.Release|x64.ActiveCfg = Release|Any CPU
		{9AF1B491-EDCB-4DAD-8DC1-3FA0460E037C}.Release|x64.Build.0 = Release|Any CPU
		{9AF1B491-EDCB-4DAD-8DC1-3FA0460E037C}.Release|x86.ActiveCfg = Release|Any CPU
		{9AF1B491-EDCB-4DAD-8DC1-3FA0460E037C}.Release|x86.Build.0 = Release|Any CPU
	EndGlobalSection
	GlobalSection(SolutionProperties) = preSolution
		HideSolutionNode = FALSE
	EndGlobalSection
	GlobalSection(NestedProjects) = preSolution
		{DA028436-6A84-4A7B-9DF2-604134A5161F} = {02EA681E-C7D8-13C7-8484-4AC65E1B71E8}
		{58D605FA-8E6E-448A-9A37-A07783DA7BBE} = {02EA681E-C7D8-13C7-8484-4AC65E1B71E8}
		{693999A5-997F-4CAA-97A1-AC2E1E6A80C3} = {02EA681E-C7D8-13C7-8484-4AC65E1B71E8}
		{68BABFF4-C54B-48A4-935C-A04A165A15B7} = {02EA681E-C7D8-13C7-8484-4AC65E1B71E8}
		{9AF1B491-EDCB-4DAD-8DC1-3FA0460E037C} = {0AB3BF05-4346-4AA6-1389-037BE0695223}
	EndGlobalSection
	GlobalSection(ExtensibilityGlobals) = postSolution
		SolutionGuid = {3093C08E-BA53-43BD-B06D-7F8580D113AD}
	EndGlobalSection
EndGlobal
